
Microsoft Visual Studio Solution File, Format Version 12.00
# Visual Studio Version 16
VisualStudioVersion = 16.0.29020.237
MinimumVisualStudioVersion = 10.0.40219.1
Project("{FAE04EC0-301F-11D3-BF4B-00C04F79EFBC}") = "CSharpCollections", "CSharpCollections\CSharpCollections.csproj", "{3257BA92-DFA4-4235-A981-586CC474E866}"
EndProject
Global
	GlobalSection(SolutionConfigurationPlatforms) = preSolution
		Debug|Any CPU = Debug|Any CPU
		Release|Any CPU = Release|Any CPU
	EndGlobalSection
	GlobalSection(ProjectConfigurationPlatforms) = postSolution
		{3257BA92-DFA4-4235-A981-586CC474E866}.Debug|Any CPU.ActiveCfg = Debug|Any CPU
		{3257BA92-DFA4-4235-A981-586CC474E866}.Debug|Any CPU.Build.0 = Debug|Any CPU
		{3257BA92-DFA4-4235-A981-586CC474E866}.Release|Any CPU.ActiveCfg = Release|Any CPU
		{3257BA92-DFA4-4235-A981-586CC474E866}.Release|Any CPU.Build.0 = Release|Any CPU
	EndGlobalSection
	GlobalSection(SolutionProperties) = preSolution
		HideSolutionNode = FALSE
	EndGlobalSection
	GlobalSection(ExtensibilityGlobals) = postSolution
		SolutionGuid = {0A9CCC32-AB29-420E-A91B-5024120FB5D6}
	EndGlobalSection
EndGlobal
