
Microsoft Visual Studio Solution File, Format Version 12.00
# Visual Studio Version 16
VisualStudioVersion = 16.0.29020.237
MinimumVisualStudioVersion = 10.0.40219.1
Project("{FAE04EC0-301F-11D3-BF4B-00C04F79EFBC}") = "ByteBank.SistemaAgencia", "ByteBank.SistemaAgencia\ByteBank.SistemaAgencia.csproj", "{5B5FB08D-F83B-45EA-8CD6-81044A744E28}"
EndProject
Project("{FAE04EC0-301F-11D3-BF4B-00C04F79EFBC}") = "ByteBank.Modelos", "ByteBank.Modelos\ByteBank.Modelos.csproj", "{FCC25D4C-38F5-48E3-9C52-A6649A6AFA63}"
EndProject
Global
	GlobalSection(SolutionConfigurationPlatforms) = preSolution
		Debug|Any CPU = Debug|Any CPU
		Release|Any CPU = Release|Any CPU
	EndGlobalSection
	GlobalSection(ProjectConfigurationPlatforms) = postSolution
		{5B5FB08D-F83B-45EA-8CD6-81044A744E28}.Debug|Any CPU.ActiveCfg = Debug|Any CPU
		{5B5FB08D-F83B-45EA-8CD6-81044A744E28}.Debug|Any CPU.Build.0 = Debug|Any CPU
		{5B5FB08D-F83B-45EA-8CD6-81044A744E28}.Release|Any CPU.ActiveCfg = Release|Any CPU
		{5B5FB08D-F83B-45EA-8CD6-81044A744E28}.Release|Any CPU.Build.0 = Release|Any CPU
		{FCC25D4C-38F5-48E3-9C52-A6649A6AFA63}.Debug|Any CPU.ActiveCfg = Debug|Any CPU
		{FCC25D4C-38F5-48E3-9C52-A6649A6AFA63}.Debug|Any CPU.Build.0 = Debug|Any CPU
		{FCC25D4C-38F5-48E3-9C52-A6649A6AFA63}.Release|Any CPU.ActiveCfg = Release|Any CPU
		{FCC25D4C-38F5-48E3-9C52-A6649A6AFA63}.Release|Any CPU.Build.0 = Release|Any CPU
	EndGlobalSection
	GlobalSection(SolutionProperties) = preSolution
		HideSolutionNode = FALSE
	EndGlobalSection
	GlobalSection(ExtensibilityGlobals) = postSolution
		SolutionGuid = {4A906967-8F21-439F-A1D1-1E66A7013E74}
	EndGlobalSection
EndGlobal
