
Microsoft Visual Studio Solution File, Format Version 12.00
# Visual Studio Version 16
VisualStudioVersion = 16.0.28803.352
MinimumVisualStudioVersion = 10.0.40219.1
Project("{FAE04EC0-301F-11D3-BF4B-00C04F79EFBC}") = "01-ByteBank", "01-ByteBank\01-ByteBank.csproj", "{1185E8F7-3EF3-4006-AD0D-38B293DE290D}"
EndProject
Project("{FAE04EC0-301F-11D3-BF4B-00C04F79EFBC}") = "02-ByteBank", "02-ByteBank\02-ByteBank.csproj", "{D6CBF655-7CB5-40FF-91DB-F67C7783B66C}"
EndProject
Project("{FAE04EC0-301F-11D3-BF4B-00C04F79EFBC}") = "03-ByteBank", "03-ByteBank\03-ByteBank.csproj", "{7698743E-4D24-451D-864D-72C82BB56925}"
EndProject
Global
	GlobalSection(SolutionConfigurationPlatforms) = preSolution
		Debug|Any CPU = Debug|Any CPU
		Release|Any CPU = Release|Any CPU
	EndGlobalSection
	GlobalSection(ProjectConfigurationPlatforms) = postSolution
		{1185E8F7-3EF3-4006-AD0D-38B293DE290D}.Debug|Any CPU.ActiveCfg = Debug|Any CPU
		{1185E8F7-3EF3-4006-AD0D-38B293DE290D}.Debug|Any CPU.Build.0 = Debug|Any CPU
		{1185E8F7-3EF3-4006-AD0D-38B293DE290D}.Release|Any CPU.ActiveCfg = Release|Any CPU
		{1185E8F7-3EF3-4006-AD0D-38B293DE290D}.Release|Any CPU.Build.0 = Release|Any CPU
		{D6CBF655-7CB5-40FF-91DB-F67C7783B66C}.Debug|Any CPU.ActiveCfg = Debug|Any CPU
		{D6CBF655-7CB5-40FF-91DB-F67C7783B66C}.Debug|Any CPU.Build.0 = Debug|Any CPU
		{D6CBF655-7CB5-40FF-91DB-F67C7783B66C}.Release|Any CPU.ActiveCfg = Release|Any CPU
		{D6CBF655-7CB5-40FF-91DB-F67C7783B66C}.Release|Any CPU.Build.0 = Release|Any CPU
		{7698743E-4D24-451D-864D-72C82BB56925}.Debug|Any CPU.ActiveCfg = Debug|Any CPU
		{7698743E-4D24-451D-864D-72C82BB56925}.Debug|Any CPU.Build.0 = Debug|Any CPU
		{7698743E-4D24-451D-864D-72C82BB56925}.Release|Any CPU.ActiveCfg = Release|Any CPU
		{7698743E-4D24-451D-864D-72C82BB56925}.Release|Any CPU.Build.0 = Release|Any CPU
	EndGlobalSection
	GlobalSection(SolutionProperties) = preSolution
		HideSolutionNode = FALSE
	EndGlobalSection
	GlobalSection(ExtensibilityGlobals) = postSolution
		SolutionGuid = {9B39F576-5D44-4AA0-ACF4-C4ECC2A84924}
	EndGlobalSection
EndGlobal
